
Microsoft Visual Studio Solution File, Format Version 12.00
# Visual Studio Version 17
VisualStudioVersion = 17.14.36310.24 d17.14
MinimumVisualStudioVersion = 10.0.40219.1
Project("{FAE04EC0-301F-11D3-BF4B-00C04F79EFBC}") = "Verificação de Estoque", "Verificação de Estoque.csproj", "{93357ADC-77C1-46AA-B358-9694EF16849B}"
EndProject
Global
	GlobalSection(SolutionConfigurationPlatforms) = preSolution
		Debug|Any CPU = Debug|Any CPU
		Release|Any CPU = Release|Any CPU
	EndGlobalSection
	GlobalSection(ProjectConfigurationPlatforms) = postSolution
		{93357ADC-77C1-46AA-B358-9694EF16849B}.Debug|Any CPU.ActiveCfg = Debug|Any CPU
		{93357ADC-77C1-46AA-B358-9694EF16849B}.Debug|Any CPU.Build.0 = Debug|Any CPU
		{93357ADC-77C1-46AA-B358-9694EF16849B}.Release|Any CPU.ActiveCfg = Release|Any CPU
		{93357ADC-77C1-46AA-B358-9694EF16849B}.Release|Any CPU.Build.0 = Release|Any CPU
	EndGlobalSection
	GlobalSection(SolutionProperties) = preSolution
		HideSolutionNode = FALSE
	EndGlobalSection
	GlobalSection(ExtensibilityGlobals) = postSolution
		SolutionGuid = {AB57F787-F657-46A2-B077-0B35DF5A9F06}
	EndGlobalSection
EndGlobal
